// !$*UTF8*$!
{
	archiveVersion = 1;
	classes = {
	};
	objectVersion = 50;
	objects = {

/* Begin PBXBuildFile section */
		DDA2E9062193557D00F38B19 /* AppDelegate.swift in Sources */ = {isa = PBXBuildFile; fileRef = DDA2E9052193557D00F38B19 /* AppDelegate.swift */; };
		DDA2E9082193557D00F38B19 /* StepController.swift in Sources */ = {isa = PBXBuildFile; fileRef = DDA2E9072193557D00F38B19 /* StepController.swift */; };
		DDA2E90D2193557F00F38B19 /* Assets.xcassets in Resources */ = {isa = PBXBuildFile; fileRef = DDA2E90C2193557F00F38B19 /* Assets.xcassets */; };
		DDA2E9102193557F00F38B19 /* LaunchScreen.storyboard in Resources */ = {isa = PBXBuildFile; fileRef = DDA2E90E2193557F00F38B19 /* LaunchScreen.storyboard */; };
		DDA2E91C21938E3A00F38B19 /* OnboardingFlowController.swift in Sources */ = {isa = PBXBuildFile; fileRef = DDA2E91B21938E3A00F38B19 /* OnboardingFlowController.swift */; };
		DDA2E91E219392F500F38B19 /* AnimationView.swift in Sources */ = {isa = PBXBuildFile; fileRef = DDA2E91D219392F500F38B19 /* AnimationView.swift */; };
		DDA2E9212193930C00F38B19 /* AnimationArchive.swift in Sources */ = {isa = PBXBuildFile; fileRef = DDA2E9202193930C00F38B19 /* AnimationArchive.swift */; };
/* End PBXBuildFile section */

/* Begin PBXFileReference section */
		DDA2E9022193557D00F38B19 /* CheckmarkDemo.app */ = {isa = PBXFileReference; explicitFileType = wrapper.application; includeInIndex = 0; path = CheckmarkDemo.app; sourceTree = BUILT_PRODUCTS_DIR; };
		DDA2E9052193557D00F38B19 /* AppDelegate.swift */ = {isa = PBXFileReference; lastKnownFileType = sourcecode.swift; path = AppDelegate.swift; sourceTree = "<group>"; };
		DDA2E9072193557D00F38B19 /* StepController.swift */ = {isa = PBXFileReference; lastKnownFileType = sourcecode.swift; path = StepController.swift; sourceTree = "<group>"; };
		DDA2E90C2193557F00F38B19 /* Assets.xcassets */ = {isa = PBXFileReference; lastKnownFileType = folder.assetcatalog; path = Assets.xcassets; sourceTree = "<group>"; };
		DDA2E90F2193557F00F38B19 /* Base */ = {isa = PBXFileReference; lastKnownFileType = file.storyboard; name = Base; path = Base.lproj/LaunchScreen.storyboard; sourceTree = "<group>"; };
		DDA2E9112193557F00F38B19 /* Info.plist */ = {isa = PBXFileReference; lastKnownFileType = text.plist.xml; path = Info.plist; sourceTree = "<group>"; };
		DDA2E91B21938E3A00F38B19 /* OnboardingFlowController.swift */ = {isa = PBXFileReference; lastKnownFileType = sourcecode.swift; path = OnboardingFlowController.swift; sourceTree = "<group>"; };
		DDA2E91D219392F500F38B19 /* AnimationView.swift */ = {isa = PBXFileReference; lastKnownFileType = sourcecode.swift; path = AnimationView.swift; sourceTree = "<group>"; };
		DDA2E9202193930C00F38B19 /* AnimationArchive.swift */ = {isa = PBXFileReference; lastKnownFileType = sourcecode.swift; path = AnimationArchive.swift; sourceTree = "<group>"; };
/* End PBXFileReference section */

/* Begin PBXFrameworksBuildPhase section */
		DDA2E8FF2193557D00F38B19 /* Frameworks */ = {
			isa = PBXFrameworksBuildPhase;
			buildActionMask = 2147483647;
			files = (
			);
			runOnlyForDeploymentPostprocessing = 0;
		};
/* End PBXFrameworksBuildPhase section */

/* Begin PBXGroup section */
		DDA2E8F92193557D00F38B19 = {
			isa = PBXGroup;
			children = (
				DDA2E9042193557D00F38B19 /* CheckmarkDemo */,
				DDA2E9032193557D00F38B19 /* Products */,
			);
			sourceTree = "<group>";
		};
		DDA2E9032193557D00F38B19 /* Products */ = {
			isa = PBXGroup;
			children = (
				DDA2E9022193557D00F38B19 /* CheckmarkDemo.app */,
			);
			name = Products;
			sourceTree = "<group>";
		};
		DDA2E9042193557D00F38B19 /* CheckmarkDemo */ = {
			isa = PBXGroup;
			children = (
				DDA2E91F2193930100F38B19 /* Support */,
				DDA2E91A21938DE900F38B19 /* Views */,
				DDA2E91921938DE600F38B19 /* Controllers */,
				DDA2E91821938DE200F38B19 /* Resources */,
				DDA2E91721938DDC00F38B19 /* Bootstrap */,
			);
			path = CheckmarkDemo;
			sourceTree = "<group>";
		};
		DDA2E91721938DDC00F38B19 /* Bootstrap */ = {
			isa = PBXGroup;
			children = (
				DDA2E9052193557D00F38B19 /* AppDelegate.swift */,
			);
			path = Bootstrap;
			sourceTree = "<group>";
		};
		DDA2E91821938DE200F38B19 /* Resources */ = {
			isa = PBXGroup;
			children = (
				DDA2E90E2193557F00F38B19 /* LaunchScreen.storyboard */,
				DDA2E9112193557F00F38B19 /* Info.plist */,
				DDA2E90C2193557F00F38B19 /* Assets.xcassets */,
			);
			path = Resources;
			sourceTree = "<group>";
		};
		DDA2E91921938DE600F38B19 /* Controllers */ = {
			isa = PBXGroup;
			children = (
				DDA2E91B21938E3A00F38B19 /* OnboardingFlowController.swift */,
				DDA2E9072193557D00F38B19 /* StepController.swift */,
			);
			path = Controllers;
			sourceTree = "<group>";
		};
		DDA2E91A21938DE900F38B19 /* Views */ = {
			isa = PBXGroup;
			children = (
				DDA2E91D219392F500F38B19 /* AnimationView.swift */,
			);
			path = Views;
			sourceTree = "<group>";
		};
		DDA2E91F2193930100F38B19 /* Support */ = {
			isa = PBXGroup;
			children = (
				DDA2E9202193930C00F38B19 /* AnimationArchive.swift */,
			);
			path = Support;
			sourceTree = "<group>";
		};
/* End PBXGroup section */

/* Begin PBXNativeTarget section */
		DDA2E9012193557D00F38B19 /* CheckmarkDemo */ = {
			isa = PBXNativeTarget;
			buildConfigurationList = DDA2E9142193557F00F38B19 /* Build configuration list for PBXNativeTarget "CheckmarkDemo" */;
			buildPhases = (
				DDA2E8FE2193557D00F38B19 /* Sources */,
				DDA2E8FF2193557D00F38B19 /* Frameworks */,
				DDA2E9002193557D00F38B19 /* Resources */,
			);
			buildRules = (
			);
			dependencies = (
			);
			name = CheckmarkDemo;
			productName = CheckmarkDemo;
			productReference = DDA2E9022193557D00F38B19 /* CheckmarkDemo.app */;
			productType = "com.apple.product-type.application";
		};
/* End PBXNativeTarget section */

/* Begin PBXProject section */
		DDA2E8FA2193557D00F38B19 /* Project object */ = {
			isa = PBXProject;
			attributes = {
				LastSwiftUpdateCheck = 1010;
				LastUpgradeCheck = 1010;
				ORGANIZATIONNAME = "Guilherme Rambo";
				TargetAttributes = {
					DDA2E9012193557D00F38B19 = {
						CreatedOnToolsVersion = 10.1;
					};
				};
			};
			buildConfigurationList = DDA2E8FD2193557D00F38B19 /* Build configuration list for PBXProject "CheckmarkDemo" */;
			compatibilityVersion = "Xcode 9.3";
			developmentRegion = en;
			hasScannedForEncodings = 0;
			knownRegions = (
				en,
				Base,
			);
			mainGroup = DDA2E8F92193557D00F38B19;
			productRefGroup = DDA2E9032193557D00F38B19 /* Products */;
			projectDirPath = "";
			projectRoot = "";
			targets = (
				DDA2E9012193557D00F38B19 /* CheckmarkDemo */,
			);
		};
/* End PBXProject section */

/* Begin PBXResourcesBuildPhase section */
		DDA2E9002193557D00F38B19 /* Resources */ = {
			isa = PBXResourcesBuildPhase;
			buildActionMask = 2147483647;
			files = (
				DDA2E9102193557F00F38B19 /* LaunchScreen.storyboard in Resources */,
				DDA2E90D2193557F00F38B19 /* Assets.xcassets in Resources */,
			);
			runOnlyForDeploymentPostprocessing = 0;
		};
/* End PBXResourcesBuildPhase section */

/* Begin PBXSourcesBuildPhase section */
		DDA2E8FE2193557D00F38B19 /* Sources */ = {
			isa = PBXSourcesBuildPhase;
			buildActionMask = 2147483647;
			files = (
				DDA2E9212193930C00F38B19 /* AnimationArchive.swift in Sources */,
				DDA2E91C21938E3A00F38B19 /* OnboardingFlowController.swift in Sources */,
				DDA2E91E219392F500F38B19 /* AnimationView.swift in Sources */,
				DDA2E9082193557D00F38B19 /* StepController.swift in Sources */,
				DDA2E9062193557D00F38B19 /* AppDelegate.swift in Sources */,
			);
			runOnlyForDeploymentPostprocessing = 0;
		};
/* End PBXSourcesBuildPhase section */

/* Begin PBXVariantGroup section */
		DDA2E90E2193557F00F38B19 /* LaunchScreen.storyboard */ = {
			isa = PBXVariantGroup;
			children = (
				DDA2E90F2193557F00F38B19 /* Base */,
			);
			name = LaunchScreen.storyboard;
			sourceTree = "<group>";
		};
/* End PBXVariantGroup section */

/* Begin XCBuildConfiguration section */
		DDA2E9122193557F00F38B19 /* Debug */ = {
			isa = XCBuildConfiguration;
			buildSettings = {
				ALWAYS_SEARCH_USER_PATHS = NO;
				CLANG_ANALYZER_NONNULL = YES;
				CLANG_ANALYZER_NUMBER_OBJECT_CONVERSION = YES_AGGRESSIVE;
				CLANG_CXX_LANGUAGE_STANDARD = "gnu++14";
				CLANG_CXX_LIBRARY = "libc++";
				CLANG_ENABLE_MODULES = YES;
				CLANG_ENABLE_OBJC_ARC = YES;
				CLANG_ENABLE_OBJC_WEAK = YES;
				CLANG_WARN_BLOCK_CAPTURE_AUTORELEASING = YES;
				CLANG_WARN_BOOL_CONVERSION = YES;
				CLANG_WARN_COMMA = YES;
				CLANG_WARN_CONSTANT_CONVERSION = YES;
				CLANG_WARN_DEPRECATED_OBJC_IMPLEMENTATIONS = YES;
				CLANG_WARN_DIRECT_OBJC_ISA_USAGE = YES_ERROR;
				CLANG_WARN_DOCUMENTATION_COMMENTS = YES;
				CLANG_WARN_EMPTY_BODY = YES;
				CLANG_WARN_ENUM_CONVERSION = YES;
				CLANG_WARN_INFINITE_RECURSION = YES;
				CLANG_WARN_INT_CONVERSION = YES;
				CLANG_WARN_NON_LITERAL_NULL_CONVERSION = YES;
				CLANG_WARN_OBJC_IMPLICIT_RETAIN_SELF = YES;
				CLANG_WARN_OBJC_LITERAL_CONVERSION = YES;
				CLANG_WARN_OBJC_ROOT_CLASS = YES_ERROR;
				CLANG_WARN_RANGE_LOOP_ANALYSIS = YES;
				CLANG_WARN_STRICT_PROTOTYPES = YES;
				CLANG_WARN_SUSPICIOUS_MOVE = YES;
				CLANG_WARN_UNGUARDED_AVAILABILITY = YES_AGGRESSIVE;
				CLANG_WARN_UNREACHABLE_CODE = YES;
				CLANG_WARN__DUPLICATE_METHOD_MATCH = YES;
				CODE_SIGN_IDENTITY = "iPhone Developer";
				COPY_PHASE_STRIP = NO;
				DEBUG_INFORMATION_FORMAT = dwarf;
				ENABLE_STRICT_OBJC_MSGSEND = YES;
				ENABLE_TESTABILITY = YES;
				GCC_C_LANGUAGE_STANDARD = gnu11;
				GCC_DYNAMIC_NO_PIC = NO;
				GCC_NO_COMMON_BLOCKS = YES;
				GCC_OPTIMIZATION_LEVEL = 0;
				GCC_PREPROCESSOR_DEFINITIONS = (
					"DEBUG=1",
					"$(inherited)",
				);
				GCC_WARN_64_TO_32_BIT_CONVERSION = YES;
				GCC_WARN_ABOUT_RETURN_TYPE = YES_ERROR;
				GCC_WARN_UNDECLARED_SELECTOR = YES;
				GCC_WARN_UNINITIALIZED_AUTOS = YES_AGGRESSIVE;
				GCC_WARN_UNUSED_FUNCTION = YES;
				GCC_WARN_UNUSED_VARIABLE = YES;
				IPHONEOS_DEPLOYMENT_TARGET = 12.1;
				MTL_ENABLE_DEBUG_INFO = INCLUDE_SOURCE;
				MTL_FAST_MATH = YES;
				ONLY_ACTIVE_ARCH = YES;
				SDKROOT = iphoneos;
				SWIFT_ACTIVE_COMPILATION_CONDITIONS = DEBUG;
				SWIFT_OPTIMIZATION_LEVEL = "-Onone";
			};
			name = Debug;
		};
		DDA2E9132193557F00F38B19 /* Release */ = {
			isa = XCBuildConfiguration;
			buildSettings = {
				ALWAYS_SEARCH_USER_PATHS = NO;
				CLANG_ANALYZER_NONNULL = YES;
				CLANG_ANALYZER_NUMBER_OBJECT_CONVERSION = YES_AGGRESSIVE;
				CLANG_CXX_LANGUAGE_STANDARD = "gnu++14";
				CLANG_CXX_LIBRARY = "libc++";
				CLANG_ENABLE_MODULES = YES;
				CLANG_ENABLE_OBJC_ARC = YES;
				CLANG_ENABLE_OBJC_WEAK = YES;
				CLANG_WARN_BLOCK_CAPTURE_AUTORELEASING = YES;
				CLANG_WARN_BOOL_CONVERSION = YES;
				CLANG_WARN_COMMA = YES;
				CLANG_WARN_CONSTANT_CONVERSION = YES;
				CLANG_WARN_DEPRECATED_OBJC_IMPLEMENTATIONS = YES;
				CLANG_WARN_DIRECT_OBJC_ISA_USAGE = YES_ERROR;
				CLANG_WARN_DOCUMENTATION_COMMENTS = YES;
				CLANG_WARN_EMPTY_BODY = YES;
				CLANG_WARN_ENUM_CONVERSION = YES;
				CLANG_WARN_INFINITE_RECURSION = YES;
				CLANG_WARN_INT_CONVERSION = YES;
				CLANG_WARN_NON_LITERAL_NULL_CONVERSION = YES;
				CLANG_WARN_OBJC_IMPLICIT_RETAIN_SELF = YES;
				CLANG_WARN_OBJC_LITERAL_CONVERSION = YES;
				CLANG_WARN_OBJC_ROOT_CLASS = YES_ERROR;
				CLANG_WARN_RANGE_LOOP_ANALYSIS = YES;
				CLANG_WARN_STRICT_PROTOTYPES = YES;
				CLANG_WARN_SUSPICIOUS_MOVE = YES;
				CLANG_WARN_UNGUARDED_AVAILABILITY = YES_AGGRESSIVE;
				CLANG_WARN_UNREACHABLE_CODE = YES;
				CLANG_WARN__DUPLICATE_METHOD_MATCH = YES;
				CODE_SIGN_IDENTITY = "iPhone Developer";
				COPY_PHASE_STRIP = NO;
				DEBUG_INFORMATION_FORMAT = "dwarf-with-dsym";
				ENABLE_NS_ASSERTIONS = NO;
				ENABLE_STRICT_OBJC_MSGSEND = YES;
				GCC_C_LANGUAGE_STANDARD = gnu11;
				GCC_NO_COMMON_BLOCKS = YES;
				GCC_WARN_64_TO_32_BIT_CONVERSION = YES;
				GCC_WARN_ABOUT_RETURN_TYPE = YES_ERROR;
				GCC_WARN_UNDECLARED_SELECTOR = YES;
				GCC_WARN_UNINITIALIZED_AUTOS = YES_AGGRESSIVE;
				GCC_WARN_UNUSED_FUNCTION = YES;
				GCC_WARN_UNUSED_VARIABLE = YES;
				IPHONEOS_DEPLOYMENT_TARGET = 12.1;
				MTL_ENABLE_DEBUG_INFO = NO;
				MTL_FAST_MATH = YES;
				SDKROOT = iphoneos;
				SWIFT_COMPILATION_MODE = wholemodule;
				SWIFT_OPTIMIZATION_LEVEL = "-O";
				VALIDATE_PRODUCT = YES;
			};
			name = Release;
		};
		DDA2E9152193557F00F38B19 /* Debug */ = {
			isa = XCBuildConfiguration;
			buildSettings = {
				ASSETCATALOG_COMPILER_APPICON_NAME = AppIcon;
				CODE_SIGN_STYLE = Automatic;
				DEVELOPMENT_TEAM = 8C7439RJLG;
				INFOPLIST_FILE = CheckmarkDemo/Resources/Info.plist;
				LD_RUNPATH_SEARCH_PATHS = (
					"$(inherited)",
					"@executable_path/Frameworks",
				);
				PRODUCT_BUNDLE_IDENTIFIER = codes.rambo.CheckmarkDemo;
				PRODUCT_NAME = "$(TARGET_NAME)";
				SWIFT_VERSION = 4.2;
				TARGETED_DEVICE_FAMILY = "1,2";
			};
			name = Debug;
		};
		DDA2E9162193557F00F38B19 /* Release */ = {
			isa = XCBuildConfiguration;
			buildSettings = {
				ASSETCATALOG_COMPILER_APPICON_NAME = AppIcon;
				CODE_SIGN_STYLE = Automatic;
				DEVELOPMENT_TEAM = 8C7439RJLG;
				INFOPLIST_FILE = CheckmarkDemo/Resources/Info.plist;
				LD_RUNPATH_SEARCH_PATHS = (
					"$(inherited)",
					"@executable_path/Frameworks",
				);
				PRODUCT_BUNDLE_IDENTIFIER = codes.rambo.CheckmarkDemo;
				PRODUCT_NAME = "$(TARGET_NAME)";
				SWIFT_VERSION = 4.2;
				TARGETED_DEVICE_FAMILY = "1,2";
			};
			name = Release;
		};
/* End XCBuildConfiguration section */

/* Begin XCConfigurationList section */
		DDA2E8FD2193557D00F38B19 /* Build configuration list for PBXProject "CheckmarkDemo" */ = {
			isa = XCConfigurationList;
			buildConfigurations = (
				DDA2E9122193557F00F38B19 /* Debug */,
				DDA2E9132193557F00F38B19 /* Release */,
			);
			defaultConfigurationIsVisible = 0;
			defaultConfigurationName = Release;
		};
		DDA2E9142193557F00F38B19 /* Build configuration list for PBXNativeTarget "CheckmarkDemo" */ = {
			isa = XCConfigurationList;
			buildConfigurations = (
				DDA2E9152193557F00F38B19 /* Debug */,
				DDA2E9162193557F00F38B19 /* Release */,
			);
			defaultConfigurationIsVisible = 0;
			defaultConfigurationName = Release;
		};
/* End XCConfigurationList section */
	};
	rootObject = DDA2E8FA2193557D00F38B19 /* Project object */;
}
